
Microsoft Visual Studio Solution File, Format Version 12.00
# Visual Studio 15
VisualStudioVersion = 15.0.26228.4
MinimumVisualStudioVersion = 10.0.40219.1
Project("{9A19103F-16F7-4668-BE54-9A1E7A4F7556}") = "AltInnSrr", "AltInnSrr\AltInnSrr.csproj", "{4460A7A4-C264-4F93-9761-7836C00BB228}"
EndProject
Project("{9A19103F-16F7-4668-BE54-9A1E7A4F7556}") = "AltInnSrr.Test", "AltInnSrr.Test\AltInnSrr.Test.csproj", "{6F07A45C-566C-4A87-8AA1-CB15D5A7979C}"
EndProject
Project("{9A19103F-16F7-4668-BE54-9A1E7A4F7556}") = "MoveAdmin.web", "MoveAdmin.web\MoveAdmin.web.csproj", "{DE061A9D-438D-4C5F-937F-AEF76F7A9011}"
EndProject
Project("{FAE04EC0-301F-11D3-BF4B-00C04F79EFBC}") = "MoveAdmin.Lib", "MoveAdmin.Lib\MoveAdmin.Lib.csproj", "{A9171BAC-C1BD-4EE1-9779-5003A24858A7}"
EndProject
Project("{FAE04EC0-301F-11D3-BF4B-00C04F79EFBC}") = "MoveAdmin.Commons", "MoveAdmin.Commons\MoveAdmin.Commons.csproj", "{E574C04A-88ED-4A8D-A131-ABE683D96276}"
EndProject
Global
	GlobalSection(SolutionConfigurationPlatforms) = preSolution
		Debug|Any CPU = Debug|Any CPU
		Release|Any CPU = Release|Any CPU
	EndGlobalSection
	GlobalSection(ProjectConfigurationPlatforms) = postSolution
		{4460A7A4-C264-4F93-9761-7836C00BB228}.Debug|Any CPU.ActiveCfg = Debug|Any CPU
		{4460A7A4-C264-4F93-9761-7836C00BB228}.Debug|Any CPU.Build.0 = Debug|Any CPU
		{4460A7A4-C264-4F93-9761-7836C00BB228}.Release|Any CPU.ActiveCfg = Release|Any CPU
		{4460A7A4-C264-4F93-9761-7836C00BB228}.Release|Any CPU.Build.0 = Release|Any CPU
		{6F07A45C-566C-4A87-8AA1-CB15D5A7979C}.Debug|Any CPU.ActiveCfg = Debug|Any CPU
		{6F07A45C-566C-4A87-8AA1-CB15D5A7979C}.Debug|Any CPU.Build.0 = Debug|Any CPU
		{6F07A45C-566C-4A87-8AA1-CB15D5A7979C}.Release|Any CPU.ActiveCfg = Release|Any CPU
		{6F07A45C-566C-4A87-8AA1-CB15D5A7979C}.Release|Any CPU.Build.0 = Release|Any CPU
		{DE061A9D-438D-4C5F-937F-AEF76F7A9011}.Debug|Any CPU.ActiveCfg = Debug|Any CPU
		{DE061A9D-438D-4C5F-937F-AEF76F7A9011}.Debug|Any CPU.Build.0 = Debug|Any CPU
		{DE061A9D-438D-4C5F-937F-AEF76F7A9011}.Release|Any CPU.ActiveCfg = Release|Any CPU
		{DE061A9D-438D-4C5F-937F-AEF76F7A9011}.Release|Any CPU.Build.0 = Release|Any CPU
		{A9171BAC-C1BD-4EE1-9779-5003A24858A7}.Debug|Any CPU.ActiveCfg = Debug|Any CPU
		{A9171BAC-C1BD-4EE1-9779-5003A24858A7}.Debug|Any CPU.Build.0 = Debug|Any CPU
		{A9171BAC-C1BD-4EE1-9779-5003A24858A7}.Release|Any CPU.ActiveCfg = Release|Any CPU
		{A9171BAC-C1BD-4EE1-9779-5003A24858A7}.Release|Any CPU.Build.0 = Release|Any CPU
		{E574C04A-88ED-4A8D-A131-ABE683D96276}.Debug|Any CPU.ActiveCfg = Debug|Any CPU
		{E574C04A-88ED-4A8D-A131-ABE683D96276}.Debug|Any CPU.Build.0 = Debug|Any CPU
		{E574C04A-88ED-4A8D-A131-ABE683D96276}.Release|Any CPU.ActiveCfg = Release|Any CPU
		{E574C04A-88ED-4A8D-A131-ABE683D96276}.Release|Any CPU.Build.0 = Release|Any CPU
	EndGlobalSection
	GlobalSection(SolutionProperties) = preSolution
		HideSolutionNode = FALSE
	EndGlobalSection
EndGlobal
